{
  "originHash" : "502c055167696005db271b242efd0bab18425da5c88f119a58f8aedb9445ed20",
  "pins" : [
    {
      "identity" : "networkmodule",
      "kind" : "remoteSourceControl",
      "location" : "https://github.com/HossanDev/NetworkModule.git",
      "state" : {
        "branch" : "main",
        "revision" : "ae28799e34af5c0234b6e423739f7aad18158b0f"
      }
    },
    {
      "identity" : "repositorymodule",
      "kind" : "remoteSourceControl",
      "location" : "https://github.com/HossanDev/RepositoryModule.git",
      "state" : {
        "branch" : "main",
        "revision" : "941dbcdb05c6eaaf4e33f630c137ec8d044530a1"
      }
    }
  ],
  "version" : 3
}
