{
  "originHash" : "548b5ac8460f3d244099a01e5da35e98b588c67764ceddb4aad735aedf9c6f3d",
  "pins" : [
    {
      "identity" : "modelmodule",
      "kind" : "remoteSourceControl",
      "location" : "https://github.com/HossanDev/ModelModule.git",
      "state" : {
        "branch" : "main",
        "revision" : "a0a2480a6fc4675632bde45543ccbec0d14341f5"
      }
    },
    {
      "identity" : "networkmodule",
      "kind" : "remoteSourceControl",
      "location" : "https://github.com/HossanDev/NetworkModule.git",
      "state" : {
        "branch" : "main",
        "revision" : "ae28799e34af5c0234b6e423739f7aad18158b0f"
      }
    },
    {
      "identity" : "repositorymodule",
      "kind" : "remoteSourceControl",
      "location" : "https://github.com/HossanDev/RepositoryModule.git",
      "state" : {
        "branch" : "main",
        "revision" : "793aa079fb94546fd790f6fa0f11bac77a7634df"
      }
    }
  ],
  "version" : 3
}
