{
  "originHash" : "c1b77b5be885bb3162837d43a73d0dc1196d70f0bbd920a21315172a1e2d1c4e",
  "pins" : [
    {
      "identity" : "networkmodule",
      "kind" : "remoteSourceControl",
      "location" : "https://github.com/HossanDev/NetworkModule.git",
      "state" : {
        "branch" : "main",
        "revision" : "ae28799e34af5c0234b6e423739f7aad18158b0f"
      }
    },
    {
      "identity" : "repositorymodule",
      "kind" : "remoteSourceControl",
      "location" : "https://github.com/HossanDev/RepositoryModule.git",
      "state" : {
        "branch" : "main",
        "revision" : "8ae3ca8c3fa9362f2a327bda9addfe39e599b062"
      }
    }
  ],
  "version" : 3
}
